
Microsoft Visual Studio Solution File, Format Version 12.00
# Visual Studio Version 17
VisualStudioVersion = 17.5.33530.505
MinimumVisualStudioVersion = 10.0.40219.1
Project("{9A19103F-16F7-4668-BE54-9A1E7A4F7556}") = "a1qa_L2_UserInterface", "a1qa_L2_UserInterface\a1qa_L2_UserInterface.csproj", "{16BA49A2-A8B6-4C2C-8AEE-5214256D3FA2}"
EndProject
Global
	GlobalSection(SolutionConfigurationPlatforms) = preSolution
		Debug|Any CPU = Debug|Any CPU
		Release|Any CPU = Release|Any CPU
	EndGlobalSection
	GlobalSection(ProjectConfigurationPlatforms) = postSolution
		{16BA49A2-A8B6-4C2C-8AEE-5214256D3FA2}.Debug|Any CPU.ActiveCfg = Debug|Any CPU
		{16BA49A2-A8B6-4C2C-8AEE-5214256D3FA2}.Debug|Any CPU.Build.0 = Debug|Any CPU
		{16BA49A2-A8B6-4C2C-8AEE-5214256D3FA2}.Release|Any CPU.ActiveCfg = Release|Any CPU
		{16BA49A2-A8B6-4C2C-8AEE-5214256D3FA2}.Release|Any CPU.Build.0 = Release|Any CPU
	EndGlobalSection
	GlobalSection(SolutionProperties) = preSolution
		HideSolutionNode = FALSE
	EndGlobalSection
	GlobalSection(ExtensibilityGlobals) = postSolution
		SolutionGuid = {73913D04-4ACB-4100-B8ED-279E71C4CC27}
	EndGlobalSection
EndGlobal
